
Microsoft Visual Studio Solution File, Format Version 12.00
# Visual Studio Version 16
VisualStudioVersion = 16.0.30611.23
MinimumVisualStudioVersion = 10.0.40219.1
Project("{FAE04EC0-301F-11D3-BF4B-00C04F79EFBC}") = "Actividad8", "Actividad8\Actividad8.csproj", "{EA49AEDD-BF7E-4418-8951-0727E0BF2B3F}"
EndProject
Global
	GlobalSection(SolutionConfigurationPlatforms) = preSolution
		Debug|Any CPU = Debug|Any CPU
		Release|Any CPU = Release|Any CPU
	EndGlobalSection
	GlobalSection(ProjectConfigurationPlatforms) = postSolution
		{EA49AEDD-BF7E-4418-8951-0727E0BF2B3F}.Debug|Any CPU.ActiveCfg = Debug|Any CPU
		{EA49AEDD-BF7E-4418-8951-0727E0BF2B3F}.Debug|Any CPU.Build.0 = Debug|Any CPU
		{EA49AEDD-BF7E-4418-8951-0727E0BF2B3F}.Release|Any CPU.ActiveCfg = Release|Any CPU
		{EA49AEDD-BF7E-4418-8951-0727E0BF2B3F}.Release|Any CPU.Build.0 = Release|Any CPU
	EndGlobalSection
	GlobalSection(SolutionProperties) = preSolution
		HideSolutionNode = FALSE
	EndGlobalSection
	GlobalSection(ExtensibilityGlobals) = postSolution
		SolutionGuid = {BEC323B8-ADA5-4AD3-99E6-D722DED3CF23}
	EndGlobalSection
EndGlobal
